
Microsoft Visual Studio Solution File, Format Version 12.00
# Visual Studio Version 17
VisualStudioVersion = 17.5.33516.290
MinimumVisualStudioVersion = 10.0.40219.1
Project("{9A19103F-16F7-4668-BE54-9A1E7A4F7556}") = "KTWTourPackageAPI", "KTWTourPackageAPI\KTWTourPackageAPI.csproj", "{805DAF10-B2E6-48AD-B69C-DC34AEC100AF}"
EndProject
Project("{9A19103F-16F7-4668-BE54-9A1E7A4F7556}") = "KTWAttractionAPI", "KTWAttractionAPI\KTWAttractionAPI.csproj", "{C438E46A-7A4C-4C19-82DE-B68BC632E27A}"
EndProject
Project("{9A19103F-16F7-4668-BE54-9A1E7A4F7556}") = "KTWFeedbackAPI", "KTWFeedbackAPI\KTWFeedbackAPI.csproj", "{926D4222-061E-4CAA-A8F2-5ED0DE7D38C8}"
EndProject
Project("{9A19103F-16F7-4668-BE54-9A1E7A4F7556}") = "KTWBookingAPI", "KTWBookingAPI\KTWBookingAPI.csproj", "{FCB05468-2AE3-4B67-842B-9C07DDFAA16F}"
EndProject
Project("{9A19103F-16F7-4668-BE54-9A1E7A4F7556}") = "KTWWishlistAPI", "KTWWishlistAPI\KTWWishlistAPI.csproj", "{9D9C1A90-0974-4F49-84EF-81292F951230}"
EndProject
Project("{FAE04EC0-301F-11D3-BF4B-00C04F79EFBC}") = "KTWUserAPI", "KTWUserAPI\KTWUserAPI.csproj", "{664CDBFE-CEAC-4CD3-BA70-104A88EBA905}"
EndProject
Global
	GlobalSection(SolutionConfigurationPlatforms) = preSolution
		Debug|Any CPU = Debug|Any CPU
		Release|Any CPU = Release|Any CPU
	EndGlobalSection
	GlobalSection(ProjectConfigurationPlatforms) = postSolution
		{805DAF10-B2E6-48AD-B69C-DC34AEC100AF}.Debug|Any CPU.ActiveCfg = Debug|Any CPU
		{805DAF10-B2E6-48AD-B69C-DC34AEC100AF}.Debug|Any CPU.Build.0 = Debug|Any CPU
		{805DAF10-B2E6-48AD-B69C-DC34AEC100AF}.Release|Any CPU.ActiveCfg = Release|Any CPU
		{805DAF10-B2E6-48AD-B69C-DC34AEC100AF}.Release|Any CPU.Build.0 = Release|Any CPU
		{C438E46A-7A4C-4C19-82DE-B68BC632E27A}.Debug|Any CPU.ActiveCfg = Debug|Any CPU
		{C438E46A-7A4C-4C19-82DE-B68BC632E27A}.Debug|Any CPU.Build.0 = Debug|Any CPU
		{C438E46A-7A4C-4C19-82DE-B68BC632E27A}.Release|Any CPU.ActiveCfg = Release|Any CPU
		{C438E46A-7A4C-4C19-82DE-B68BC632E27A}.Release|Any CPU.Build.0 = Release|Any CPU
		{926D4222-061E-4CAA-A8F2-5ED0DE7D38C8}.Debug|Any CPU.ActiveCfg = Debug|Any CPU
		{926D4222-061E-4CAA-A8F2-5ED0DE7D38C8}.Debug|Any CPU.Build.0 = Debug|Any CPU
		{926D4222-061E-4CAA-A8F2-5ED0DE7D38C8}.Release|Any CPU.ActiveCfg = Release|Any CPU
		{926D4222-061E-4CAA-A8F2-5ED0DE7D38C8}.Release|Any CPU.Build.0 = Release|Any CPU
		{FCB05468-2AE3-4B67-842B-9C07DDFAA16F}.Debug|Any CPU.ActiveCfg = Debug|Any CPU
		{FCB05468-2AE3-4B67-842B-9C07DDFAA16F}.Debug|Any CPU.Build.0 = Debug|Any CPU
		{FCB05468-2AE3-4B67-842B-9C07DDFAA16F}.Release|Any CPU.ActiveCfg = Release|Any CPU
		{FCB05468-2AE3-4B67-842B-9C07DDFAA16F}.Release|Any CPU.Build.0 = Release|Any CPU
		{9D9C1A90-0974-4F49-84EF-81292F951230}.Debug|Any CPU.ActiveCfg = Debug|Any CPU
		{9D9C1A90-0974-4F49-84EF-81292F951230}.Debug|Any CPU.Build.0 = Debug|Any CPU
		{9D9C1A90-0974-4F49-84EF-81292F951230}.Release|Any CPU.ActiveCfg = Release|Any CPU
		{9D9C1A90-0974-4F49-84EF-81292F951230}.Release|Any CPU.Build.0 = Release|Any CPU
		{664CDBFE-CEAC-4CD3-BA70-104A88EBA905}.Debug|Any CPU.ActiveCfg = Debug|Any CPU
		{664CDBFE-CEAC-4CD3-BA70-104A88EBA905}.Debug|Any CPU.Build.0 = Debug|Any CPU
		{664CDBFE-CEAC-4CD3-BA70-104A88EBA905}.Release|Any CPU.ActiveCfg = Release|Any CPU
		{664CDBFE-CEAC-4CD3-BA70-104A88EBA905}.Release|Any CPU.Build.0 = Release|Any CPU
	EndGlobalSection
	GlobalSection(SolutionProperties) = preSolution
		HideSolutionNode = FALSE
	EndGlobalSection
	GlobalSection(ExtensibilityGlobals) = postSolution
		SolutionGuid = {F838C085-1B78-455A-A4A7-0055009BB33C}
	EndGlobalSection
EndGlobal
